<?xml version="1.0" encoding="utf-8"?>
<Project ToolsVersion="4.0" xmlns="http://schemas.microsoft.com/developer/msbuild/2003">
  <ItemGroup>
    <Filter Include="File di risorse">
      <UniqueIdentifier>{67DA6AB6-F800-4c08-8B7A-83BB121AAD01}</UniqueIdentifier>
      <Extensions>rc;ico;cur;bmp;dlg;rc2;rct;bin;rgs;gif;jpg;jpeg;jpe;resx;tiff;tif;png;wav;mfcribbon-ms</Extensions>
    </Filter>
    <Filter Include="Modules">
      <UniqueIdentifier>{919430fd-a718-4af9-84be-42a2afac65d5}</UniqueIdentifier>
    </Filter>
    <Filter Include="Core">
      <UniqueIdentifier>{1f0f0839-aae2-437e-938e-a37703fe4069}</UniqueIdentifier>
    </Filter>
  </ItemGroup>
  <ItemGroup>
    <ClCompile Include="src\modules\player.cpp">
      <Filter>Modules</Filter>
    </ClCompile>
    <ClCompile Include="src\core\app.cpp">
      <Filter>Core</Filter>
    </ClCompile>
    <ClCompile Include="src\core\entry.cpp">
      <Filter>Core</Filter>
    </ClCompile>
  </ItemGroup>
  <ItemGroup>
    <ClInclude Include="src\modules\player.hpp">
      <Filter>Modules</Filter>
    </ClInclude>
    <ClInclude Include="src\core\app.hpp">
      <Filter>Core</Filter>
    </ClInclude>
  </ItemGroup>
</Project>